
Microsoft Visual Studio Solution File, Format Version 12.00
# Visual Studio 15
VisualStudioVersion = 15.0.28010.2041
MinimumVisualStudioVersion = 10.0.40219.1
Project("{9A19103F-16F7-4668-BE54-9A1E7A4F7556}") = "Web", "AspNetCore.BestPractices\Web.csproj", "{4BE8BF93-8995-4F08-BA4F-0F57C98AAEB1}"
EndProject
Project("{2150E333-8FDC-42A3-9474-1A3956D46DE8}") = "src", "src", "{D64BF768-FEC0-44CF-8C8B-4973E2604BAE}"
EndProject
Project("{2150E333-8FDC-42A3-9474-1A3956D46DE8}") = "tests", "tests", "{DCF79BD5-083C-4DD1-B58A-8FC67802D8AC}"
EndProject
Project("{9A19103F-16F7-4668-BE54-9A1E7A4F7556}") = "ApplicationCore", "ApplicationCore\ApplicationCore.csproj", "{D8F5C2B7-E16F-4A52-A81E-AF3B9446F5A4}"
EndProject
Project("{9A19103F-16F7-4668-BE54-9A1E7A4F7556}") = "Infrastructure", "Infrastructure\Infrastructure.csproj", "{2EE2F81B-C139-4A26-AA47-D604D4F6FAA8}"
EndProject
Project("{FAE04EC0-301F-11D3-BF4B-00C04F79EFBC}") = "UnitTests", "UnitTests\UnitTests.csproj", "{0C6CB183-3C7F-4EF3-B94F-E07726492767}"
EndProject
Project("{FAE04EC0-301F-11D3-BF4B-00C04F79EFBC}") = "IntegrationTests", "IntegrationTests\IntegrationTests.csproj", "{43932530-934D-4A36-93E3-3E682823BA30}"
EndProject
Global
	GlobalSection(SolutionConfigurationPlatforms) = preSolution
		Debug|Any CPU = Debug|Any CPU
		Release|Any CPU = Release|Any CPU
	EndGlobalSection
	GlobalSection(ProjectConfigurationPlatforms) = postSolution
		{4BE8BF93-8995-4F08-BA4F-0F57C98AAEB1}.Debug|Any CPU.ActiveCfg = Debug|Any CPU
		{4BE8BF93-8995-4F08-BA4F-0F57C98AAEB1}.Debug|Any CPU.Build.0 = Debug|Any CPU
		{4BE8BF93-8995-4F08-BA4F-0F57C98AAEB1}.Release|Any CPU.ActiveCfg = Release|Any CPU
		{4BE8BF93-8995-4F08-BA4F-0F57C98AAEB1}.Release|Any CPU.Build.0 = Release|Any CPU
		{D8F5C2B7-E16F-4A52-A81E-AF3B9446F5A4}.Debug|Any CPU.ActiveCfg = Debug|Any CPU
		{D8F5C2B7-E16F-4A52-A81E-AF3B9446F5A4}.Debug|Any CPU.Build.0 = Debug|Any CPU
		{D8F5C2B7-E16F-4A52-A81E-AF3B9446F5A4}.Release|Any CPU.ActiveCfg = Release|Any CPU
		{D8F5C2B7-E16F-4A52-A81E-AF3B9446F5A4}.Release|Any CPU.Build.0 = Release|Any CPU
		{2EE2F81B-C139-4A26-AA47-D604D4F6FAA8}.Debug|Any CPU.ActiveCfg = Debug|Any CPU
		{2EE2F81B-C139-4A26-AA47-D604D4F6FAA8}.Debug|Any CPU.Build.0 = Debug|Any CPU
		{2EE2F81B-C139-4A26-AA47-D604D4F6FAA8}.Release|Any CPU.ActiveCfg = Release|Any CPU
		{2EE2F81B-C139-4A26-AA47-D604D4F6FAA8}.Release|Any CPU.Build.0 = Release|Any CPU
		{0C6CB183-3C7F-4EF3-B94F-E07726492767}.Debug|Any CPU.ActiveCfg = Debug|Any CPU
		{0C6CB183-3C7F-4EF3-B94F-E07726492767}.Debug|Any CPU.Build.0 = Debug|Any CPU
		{0C6CB183-3C7F-4EF3-B94F-E07726492767}.Release|Any CPU.ActiveCfg = Release|Any CPU
		{0C6CB183-3C7F-4EF3-B94F-E07726492767}.Release|Any CPU.Build.0 = Release|Any CPU
		{43932530-934D-4A36-93E3-3E682823BA30}.Debug|Any CPU.ActiveCfg = Debug|Any CPU
		{43932530-934D-4A36-93E3-3E682823BA30}.Debug|Any CPU.Build.0 = Debug|Any CPU
		{43932530-934D-4A36-93E3-3E682823BA30}.Release|Any CPU.ActiveCfg = Release|Any CPU
		{43932530-934D-4A36-93E3-3E682823BA30}.Release|Any CPU.Build.0 = Release|Any CPU
	EndGlobalSection
	GlobalSection(SolutionProperties) = preSolution
		HideSolutionNode = FALSE
	EndGlobalSection
	GlobalSection(NestedProjects) = preSolution
		{4BE8BF93-8995-4F08-BA4F-0F57C98AAEB1} = {D64BF768-FEC0-44CF-8C8B-4973E2604BAE}
		{D8F5C2B7-E16F-4A52-A81E-AF3B9446F5A4} = {D64BF768-FEC0-44CF-8C8B-4973E2604BAE}
		{2EE2F81B-C139-4A26-AA47-D604D4F6FAA8} = {D64BF768-FEC0-44CF-8C8B-4973E2604BAE}
		{0C6CB183-3C7F-4EF3-B94F-E07726492767} = {DCF79BD5-083C-4DD1-B58A-8FC67802D8AC}
		{43932530-934D-4A36-93E3-3E682823BA30} = {DCF79BD5-083C-4DD1-B58A-8FC67802D8AC}
	EndGlobalSection
	GlobalSection(ExtensibilityGlobals) = postSolution
		SolutionGuid = {3ACCF695-442A-4E0D-B9FA-0A8F89F76FC3}
	EndGlobalSection
EndGlobal
